
Microsoft Visual Studio Solution File, Format Version 12.00
# Visual Studio Version 17
VisualStudioVersion = 17.3.32922.545
MinimumVisualStudioVersion = 10.0.40219.1
Project("{FAE04EC0-301F-11D3-BF4B-00C04F79EFBC}") = "WineShop", "WineShop\WineShop.csproj", "{635799D2-CDAE-4565-BFBC-159DB793C409}"
EndProject
Global
	GlobalSection(SolutionConfigurationPlatforms) = preSolution
		Debug|Any CPU = Debug|Any CPU
		Release|Any CPU = Release|Any CPU
	EndGlobalSection
	GlobalSection(ProjectConfigurationPlatforms) = postSolution
		{635799D2-CDAE-4565-BFBC-159DB793C409}.Debug|Any CPU.ActiveCfg = Debug|Any CPU
		{635799D2-CDAE-4565-BFBC-159DB793C409}.Debug|Any CPU.Build.0 = Debug|Any CPU
		{635799D2-CDAE-4565-BFBC-159DB793C409}.Release|Any CPU.ActiveCfg = Release|Any CPU
		{635799D2-CDAE-4565-BFBC-159DB793C409}.Release|Any CPU.Build.0 = Release|Any CPU
	EndGlobalSection
	GlobalSection(SolutionProperties) = preSolution
		HideSolutionNode = FALSE
	EndGlobalSection
	GlobalSection(ExtensibilityGlobals) = postSolution
		SolutionGuid = {E8447486-CFCC-42F6-9B04-C6CB6B1C53B6}
	EndGlobalSection
EndGlobal
